<?xml version="1.0" encoding="utf-8"?>
<Project ToolsVersion="4.0" xmlns="http://schemas.microsoft.com/developer/msbuild/2003">
  <ItemGroup>
    <ClCompile Include="gui\gui.cpp" />
    <ClCompile Include="roids.cpp" />
    <ClCompile Include="injector\injector.cpp" />
  </ItemGroup>
  <ItemGroup>
    <ClInclude Include="gui\gui.hpp" />
    <ClInclude Include="injector\injector.hpp" />
  </ItemGroup>
  <ItemGroup>
    <None Include=".gitignore" />
    <None Include="README.md" />
  </ItemGroup>
</Project>